// !$*UTF8*$!
{
	archiveVersion = 1;
	classes = {
	};
	objectVersion = 46;
	objects = {

/* Begin PBXBuildFile section */
		65A9453C1BCBC1660071FEAB /* AppDelegate.swift in Sources */ = {isa = PBXBuildFile; fileRef = 65A9453B1BCBC1660071FEAB /* AppDelegate.swift */; };
		65A9453E1BCBC1660071FEAB /* ViewController.swift in Sources */ = {isa = PBXBuildFile; fileRef = 65A9453D1BCBC1660071FEAB /* ViewController.swift */; };
		65A945411BCBC1660071FEAB /* Main.storyboard in Resources */ = {isa = PBXBuildFile; fileRef = 65A9453F1BCBC1660071FEAB /* Main.storyboard */; };
		65A945431BCBC1660071FEAB /* Assets.xcassets in Resources */ = {isa = PBXBuildFile; fileRef = 65A945421BCBC1660071FEAB /* Assets.xcassets */; };
		65A945461BCBC1660071FEAB /* LaunchScreen.storyboard in Resources */ = {isa = PBXBuildFile; fileRef = 65A945441BCBC1660071FEAB /* LaunchScreen.storyboard */; };
		65A945511BCBC1660071FEAB /* SwitchProductTests.swift in Sources */ = {isa = PBXBuildFile; fileRef = 65A945501BCBC1660071FEAB /* SwitchProductTests.swift */; };
		65A9455C1BCBC1660071FEAB /* SwitchProductUITests.swift in Sources */ = {isa = PBXBuildFile; fileRef = 65A9455B1BCBC1660071FEAB /* SwitchProductUITests.swift */; };
/* End PBXBuildFile section */

/* Begin PBXContainerItemProxy section */
		65A9454D1BCBC1660071FEAB /* PBXContainerItemProxy */ = {
			isa = PBXContainerItemProxy;
			containerPortal = 65A945301BCBC1660071FEAB /* Project object */;
			proxyType = 1;
			remoteGlobalIDString = 65A945371BCBC1660071FEAB;
			remoteInfo = SwitchProduct;
		};
		65A945581BCBC1660071FEAB /* PBXContainerItemProxy */ = {
			isa = PBXContainerItemProxy;
			containerPortal = 65A945301BCBC1660071FEAB /* Project object */;
			proxyType = 1;
			remoteGlobalIDString = 65A945371BCBC1660071FEAB;
			remoteInfo = SwitchProduct;
		};
/* End PBXContainerItemProxy section */

/* Begin PBXFileReference section */
		65A945381BCBC1660071FEAB /* SwitchProduct.app */ = {isa = PBXFileReference; explicitFileType = wrapper.application; includeInIndex = 0; path = SwitchProduct.app; sourceTree = BUILT_PRODUCTS_DIR; };
		65A9453B1BCBC1660071FEAB /* AppDelegate.swift */ = {isa = PBXFileReference; lastKnownFileType = sourcecode.swift; path = AppDelegate.swift; sourceTree = "<group>"; };
		65A9453D1BCBC1660071FEAB /* ViewController.swift */ = {isa = PBXFileReference; lastKnownFileType = sourcecode.swift; path = ViewController.swift; sourceTree = "<group>"; };
		65A945401BCBC1660071FEAB /* Base */ = {isa = PBXFileReference; lastKnownFileType = file.storyboard; name = Base; path = Base.lproj/Main.storyboard; sourceTree = "<group>"; };
		65A945421BCBC1660071FEAB /* Assets.xcassets */ = {isa = PBXFileReference; lastKnownFileType = folder.assetcatalog; path = Assets.xcassets; sourceTree = "<group>"; };
		65A945451BCBC1660071FEAB /* Base */ = {isa = PBXFileReference; lastKnownFileType = file.storyboard; name = Base; path = Base.lproj/LaunchScreen.storyboard; sourceTree = "<group>"; };
		65A945471BCBC1660071FEAB /* Info.plist */ = {isa = PBXFileReference; lastKnownFileType = text.plist.xml; path = Info.plist; sourceTree = "<group>"; };
		65A9454C1BCBC1660071FEAB /* SwitchProductTests.xctest */ = {isa = PBXFileReference; explicitFileType = wrapper.cfbundle; includeInIndex = 0; path = SwitchProductTests.xctest; sourceTree = BUILT_PRODUCTS_DIR; };
		65A945501BCBC1660071FEAB /* SwitchProductTests.swift */ = {isa = PBXFileReference; lastKnownFileType = sourcecode.swift; path = SwitchProductTests.swift; sourceTree = "<group>"; };
		65A945521BCBC1660071FEAB /* Info.plist */ = {isa = PBXFileReference; lastKnownFileType = text.plist.xml; path = Info.plist; sourceTree = "<group>"; };
		65A945571BCBC1660071FEAB /* SwitchProductUITests.xctest */ = {isa = PBXFileReference; explicitFileType = wrapper.cfbundle; includeInIndex = 0; path = SwitchProductUITests.xctest; sourceTree = BUILT_PRODUCTS_DIR; };
		65A9455B1BCBC1660071FEAB /* SwitchProductUITests.swift */ = {isa = PBXFileReference; lastKnownFileType = sourcecode.swift; path = SwitchProductUITests.swift; sourceTree = "<group>"; };
		65A9455D1BCBC1660071FEAB /* Info.plist */ = {isa = PBXFileReference; lastKnownFileType = text.plist.xml; path = Info.plist; sourceTree = "<group>"; };
/* End PBXFileReference section */

/* Begin PBXFrameworksBuildPhase section */
		65A945351BCBC1660071FEAB /* Frameworks */ = {
			isa = PBXFrameworksBuildPhase;
			buildActionMask = 2147483647;
			files = (
			);
			runOnlyForDeploymentPostprocessing = 0;
		};
		65A945491BCBC1660071FEAB /* Frameworks */ = {
			isa = PBXFrameworksBuildPhase;
			buildActionMask = 2147483647;
			files = (
			);
			runOnlyForDeploymentPostprocessing = 0;
		};
		65A945541BCBC1660071FEAB /* Frameworks */ = {
			isa = PBXFrameworksBuildPhase;
			buildActionMask = 2147483647;
			files = (
			);
			runOnlyForDeploymentPostprocessing = 0;
		};
/* End PBXFrameworksBuildPhase section */

/* Begin PBXGroup section */
		65A9452F1BCBC1660071FEAB = {
			isa = PBXGroup;
			children = (
				65A9453A1BCBC1660071FEAB /* SwitchProduct */,
				65A9454F1BCBC1660071FEAB /* SwitchProductTests */,
				65A9455A1BCBC1660071FEAB /* SwitchProductUITests */,
				65A945391BCBC1660071FEAB /* Products */,
			);
			sourceTree = "<group>";
		};
		65A945391BCBC1660071FEAB /* Products */ = {
			isa = PBXGroup;
			children = (
				65A945381BCBC1660071FEAB /* SwitchProduct.app */,
				65A9454C1BCBC1660071FEAB /* SwitchProductTests.xctest */,
				65A945571BCBC1660071FEAB /* SwitchProductUITests.xctest */,
			);
			name = Products;
			sourceTree = "<group>";
		};
		65A9453A1BCBC1660071FEAB /* SwitchProduct */ = {
			isa = PBXGroup;
			children = (
				65A9453B1BCBC1660071FEAB /* AppDelegate.swift */,
				65A9453D1BCBC1660071FEAB /* ViewController.swift */,
				65A9453F1BCBC1660071FEAB /* Main.storyboard */,
				65A945421BCBC1660071FEAB /* Assets.xcassets */,
				65A945441BCBC1660071FEAB /* LaunchScreen.storyboard */,
				65A945471BCBC1660071FEAB /* Info.plist */,
			);
			path = SwitchProduct;
			sourceTree = "<group>";
		};
		65A9454F1BCBC1660071FEAB /* SwitchProductTests */ = {
			isa = PBXGroup;
			children = (
				65A945501BCBC1660071FEAB /* SwitchProductTests.swift */,
				65A945521BCBC1660071FEAB /* Info.plist */,
			);
			path = SwitchProductTests;
			sourceTree = "<group>";
		};
		65A9455A1BCBC1660071FEAB /* SwitchProductUITests */ = {
			isa = PBXGroup;
			children = (
				65A9455B1BCBC1660071FEAB /* SwitchProductUITests.swift */,
				65A9455D1BCBC1660071FEAB /* Info.plist */,
			);
			path = SwitchProductUITests;
			sourceTree = "<group>";
		};
/* End PBXGroup section */

/* Begin PBXNativeTarget section */
		65A945371BCBC1660071FEAB /* SwitchProduct */ = {
			isa = PBXNativeTarget;
			buildConfigurationList = 65A945601BCBC1660071FEAB /* Build configuration list for PBXNativeTarget "SwitchProduct" */;
			buildPhases = (
				65A945341BCBC1660071FEAB /* Sources */,
				65A945351BCBC1660071FEAB /* Frameworks */,
				65A945361BCBC1660071FEAB /* Resources */,
			);
			buildRules = (
			);
			dependencies = (
			);
			name = SwitchProduct;
			productName = SwitchProduct;
			productReference = 65A945381BCBC1660071FEAB /* SwitchProduct.app */;
			productType = "com.apple.product-type.application";
		};
		65A9454B1BCBC1660071FEAB /* SwitchProductTests */ = {
			isa = PBXNativeTarget;
			buildConfigurationList = 65A945631BCBC1660071FEAB /* Build configuration list for PBXNativeTarget "SwitchProductTests" */;
			buildPhases = (
				65A945481BCBC1660071FEAB /* Sources */,
				65A945491BCBC1660071FEAB /* Frameworks */,
				65A9454A1BCBC1660071FEAB /* Resources */,
			);
			buildRules = (
			);
			dependencies = (
				65A9454E1BCBC1660071FEAB /* PBXTargetDependency */,
			);
			name = SwitchProductTests;
			productName = SwitchProductTests;
			productReference = 65A9454C1BCBC1660071FEAB /* SwitchProductTests.xctest */;
			productType = "com.apple.product-type.bundle.unit-test";
		};
		65A945561BCBC1660071FEAB /* SwitchProductUITests */ = {
			isa = PBXNativeTarget;
			buildConfigurationList = 65A945661BCBC1660071FEAB /* Build configuration list for PBXNativeTarget "SwitchProductUITests" */;
			buildPhases = (
				65A945531BCBC1660071FEAB /* Sources */,
				65A945541BCBC1660071FEAB /* Frameworks */,
				65A945551BCBC1660071FEAB /* Resources */,
			);
			buildRules = (
			);
			dependencies = (
				65A945591BCBC1660071FEAB /* PBXTargetDependency */,
			);
			name = SwitchProductUITests;
			productName = SwitchProductUITests;
			productReference = 65A945571BCBC1660071FEAB /* SwitchProductUITests.xctest */;
			productType = "com.apple.product-type.bundle.ui-testing";
		};
/* End PBXNativeTarget section */

/* Begin PBXProject section */
		65A945301BCBC1660071FEAB /* Project object */ = {
			isa = PBXProject;
			attributes = {
				LastUpgradeCheck = 0700;
				ORGANIZATIONNAME = YanMingyue;
				TargetAttributes = {
					65A945371BCBC1660071FEAB = {
						CreatedOnToolsVersion = 7.0;
					};
					65A9454B1BCBC1660071FEAB = {
						CreatedOnToolsVersion = 7.0;
						TestTargetID = 65A945371BCBC1660071FEAB;
					};
					65A945561BCBC1660071FEAB = {
						CreatedOnToolsVersion = 7.0;
						TestTargetID = 65A945371BCBC1660071FEAB;
					};
				};
			};
			buildConfigurationList = 65A945331BCBC1660071FEAB /* Build configuration list for PBXProject "SwitchProduct" */;
			compatibilityVersion = "Xcode 3.2";
			developmentRegion = English;
			hasScannedForEncodings = 0;
			knownRegions = (
				en,
				Base,
			);
			mainGroup = 65A9452F1BCBC1660071FEAB;
			productRefGroup = 65A945391BCBC1660071FEAB /* Products */;
			projectDirPath = "";
			projectRoot = "";
			targets = (
				65A945371BCBC1660071FEAB /* SwitchProduct */,
				65A9454B1BCBC1660071FEAB /* SwitchProductTests */,
				65A945561BCBC1660071FEAB /* SwitchProductUITests */,
			);
		};
/* End PBXProject section */

/* Begin PBXResourcesBuildPhase section */
		65A945361BCBC1660071FEAB /* Resources */ = {
			isa = PBXResourcesBuildPhase;
			buildActionMask = 2147483647;
			files = (
				65A945461BCBC1660071FEAB /* LaunchScreen.storyboard in Resources */,
				65A945431BCBC1660071FEAB /* Assets.xcassets in Resources */,
				65A945411BCBC1660071FEAB /* Main.storyboard in Resources */,
			);
			runOnlyForDeploymentPostprocessing = 0;
		};
		65A9454A1BCBC1660071FEAB /* Resources */ = {
			isa = PBXResourcesBuildPhase;
			buildActionMask = 2147483647;
			files = (
			);
			runOnlyForDeploymentPostprocessing = 0;
		};
		65A945551BCBC1660071FEAB /* Resources */ = {
			isa = PBXResourcesBuildPhase;
			buildActionMask = 2147483647;
			files = (
			);
			runOnlyForDeploymentPostprocessing = 0;
		};
/* End PBXResourcesBuildPhase section */

/* Begin PBXSourcesBuildPhase section */
		65A945341BCBC1660071FEAB /* Sources */ = {
			isa = PBXSourcesBuildPhase;
			buildActionMask = 2147483647;
			files = (
				65A9453E1BCBC1660071FEAB /* ViewController.swift in Sources */,
				65A9453C1BCBC1660071FEAB /* AppDelegate.swift in Sources */,
			);
			runOnlyForDeploymentPostprocessing = 0;
		};
		65A945481BCBC1660071FEAB /* Sources */ = {
			isa = PBXSourcesBuildPhase;
			buildActionMask = 2147483647;
			files = (
				65A945511BCBC1660071FEAB /* SwitchProductTests.swift in Sources */,
			);
			runOnlyForDeploymentPostprocessing = 0;
		};
		65A945531BCBC1660071FEAB /* Sources */ = {
			isa = PBXSourcesBuildPhase;
			buildActionMask = 2147483647;
			files = (
				65A9455C1BCBC1660071FEAB /* SwitchProductUITests.swift in Sources */,
			);
			runOnlyForDeploymentPostprocessing = 0;
		};
/* End PBXSourcesBuildPhase section */

/* Begin PBXTargetDependency section */
		65A9454E1BCBC1660071FEAB /* PBXTargetDependency */ = {
			isa = PBXTargetDependency;
			target = 65A945371BCBC1660071FEAB /* SwitchProduct */;
			targetProxy = 65A9454D1BCBC1660071FEAB /* PBXContainerItemProxy */;
		};
		65A945591BCBC1660071FEAB /* PBXTargetDependency */ = {
			isa = PBXTargetDependency;
			target = 65A945371BCBC1660071FEAB /* SwitchProduct */;
			targetProxy = 65A945581BCBC1660071FEAB /* PBXContainerItemProxy */;
		};
/* End PBXTargetDependency section */

/* Begin PBXVariantGroup section */
		65A9453F1BCBC1660071FEAB /* Main.storyboard */ = {
			isa = PBXVariantGroup;
			children = (
				65A945401BCBC1660071FEAB /* Base */,
			);
			name = Main.storyboard;
			sourceTree = "<group>";
		};
		65A945441BCBC1660071FEAB /* LaunchScreen.storyboard */ = {
			isa = PBXVariantGroup;
			children = (
				65A945451BCBC1660071FEAB /* Base */,
			);
			name = LaunchScreen.storyboard;
			sourceTree = "<group>";
		};
/* End PBXVariantGroup section */

/* Begin XCBuildConfiguration section */
		65A9455E1BCBC1660071FEAB /* Debug */ = {
			isa = XCBuildConfiguration;
			buildSettings = {
				ALWAYS_SEARCH_USER_PATHS = NO;
				CLANG_CXX_LANGUAGE_STANDARD = "gnu++0x";
				CLANG_CXX_LIBRARY = "libc++";
				CLANG_ENABLE_MODULES = YES;
				CLANG_ENABLE_OBJC_ARC = YES;
				CLANG_WARN_BOOL_CONVERSION = YES;
				CLANG_WARN_CONSTANT_CONVERSION = YES;
				CLANG_WARN_DIRECT_OBJC_ISA_USAGE = YES_ERROR;
				CLANG_WARN_EMPTY_BODY = YES;
				CLANG_WARN_ENUM_CONVERSION = YES;
				CLANG_WARN_INT_CONVERSION = YES;
				CLANG_WARN_OBJC_ROOT_CLASS = YES_ERROR;
				CLANG_WARN_UNREACHABLE_CODE = YES;
				CLANG_WARN__DUPLICATE_METHOD_MATCH = YES;
				"CODE_SIGN_IDENTITY[sdk=iphoneos*]" = "iPhone Developer";
				COPY_PHASE_STRIP = NO;
				DEBUG_INFORMATION_FORMAT = dwarf;
				ENABLE_STRICT_OBJC_MSGSEND = YES;
				ENABLE_TESTABILITY = YES;
				GCC_C_LANGUAGE_STANDARD = gnu99;
				GCC_DYNAMIC_NO_PIC = NO;
				GCC_NO_COMMON_BLOCKS = YES;
				GCC_OPTIMIZATION_LEVEL = 0;
				GCC_PREPROCESSOR_DEFINITIONS = (
					"DEBUG=1",
					"$(inherited)",
				);
				GCC_WARN_64_TO_32_BIT_CONVERSION = YES;
				GCC_WARN_ABOUT_RETURN_TYPE = YES_ERROR;
				GCC_WARN_UNDECLARED_SELECTOR = YES;
				GCC_WARN_UNINITIALIZED_AUTOS = YES_AGGRESSIVE;
				GCC_WARN_UNUSED_FUNCTION = YES;
				GCC_WARN_UNUSED_VARIABLE = YES;
				IPHONEOS_DEPLOYMENT_TARGET = 9.0;
				MTL_ENABLE_DEBUG_INFO = YES;
				ONLY_ACTIVE_ARCH = YES;
				SDKROOT = iphoneos;
				SWIFT_OPTIMIZATION_LEVEL = "-Onone";
				TARGETED_DEVICE_FAMILY = "1,2";
			};
			name = Debug;
		};
		65A9455F1BCBC1660071FEAB /* Release */ = {
			isa = XCBuildConfiguration;
			buildSettings = {
				ALWAYS_SEARCH_USER_PATHS = NO;
				CLANG_CXX_LANGUAGE_STANDARD = "gnu++0x";
				CLANG_CXX_LIBRARY = "libc++";
				CLANG_ENABLE_MODULES = YES;
				CLANG_ENABLE_OBJC_ARC = YES;
				CLANG_WARN_BOOL_CONVERSION = YES;
				CLANG_WARN_CONSTANT_CONVERSION = YES;
				CLANG_WARN_DIRECT_OBJC_ISA_USAGE = YES_ERROR;
				CLANG_WARN_EMPTY_BODY = YES;
				CLANG_WARN_ENUM_CONVERSION = YES;
				CLANG_WARN_INT_CONVERSION = YES;
				CLANG_WARN_OBJC_ROOT_CLASS = YES_ERROR;
				CLANG_WARN_UNREACHABLE_CODE = YES;
				CLANG_WARN__DUPLICATE_METHOD_MATCH = YES;
				"CODE_SIGN_IDENTITY[sdk=iphoneos*]" = "iPhone Developer";
				COPY_PHASE_STRIP = NO;
				DEBUG_INFORMATION_FORMAT = "dwarf-with-dsym";
				ENABLE_NS_ASSERTIONS = NO;
				ENABLE_STRICT_OBJC_MSGSEND = YES;
				GCC_C_LANGUAGE_STANDARD = gnu99;
				GCC_NO_COMMON_BLOCKS = YES;
				GCC_WARN_64_TO_32_BIT_CONVERSION = YES;
				GCC_WARN_ABOUT_RETURN_TYPE = YES_ERROR;
				GCC_WARN_UNDECLARED_SELECTOR = YES;
				GCC_WARN_UNINITIALIZED_AUTOS = YES_AGGRESSIVE;
				GCC_WARN_UNUSED_FUNCTION = YES;
				GCC_WARN_UNUSED_VARIABLE = YES;
				IPHONEOS_DEPLOYMENT_TARGET = 9.0;
				MTL_ENABLE_DEBUG_INFO = NO;
				SDKROOT = iphoneos;
				TARGETED_DEVICE_FAMILY = "1,2";
				VALIDATE_PRODUCT = YES;
			};
			name = Release;
		};
		65A945611BCBC1660071FEAB /* Debug */ = {
			isa = XCBuildConfiguration;
			buildSettings = {
				ASSETCATALOG_COMPILER_APPICON_NAME = AppIcon;
				INFOPLIST_FILE = SwitchProduct/Info.plist;
				LD_RUNPATH_SEARCH_PATHS = "$(inherited) @executable_path/Frameworks";
				PRODUCT_BUNDLE_IDENTIFIER = test.SwitchProduct;
				PRODUCT_NAME = "$(TARGET_NAME)";
			};
			name = Debug;
		};
		65A945621BCBC1660071FEAB /* Release */ = {
			isa = XCBuildConfiguration;
			buildSettings = {
				ASSETCATALOG_COMPILER_APPICON_NAME = AppIcon;
				INFOPLIST_FILE = SwitchProduct/Info.plist;
				LD_RUNPATH_SEARCH_PATHS = "$(inherited) @executable_path/Frameworks";
				PRODUCT_BUNDLE_IDENTIFIER = test.SwitchProduct;
				PRODUCT_NAME = "$(TARGET_NAME)";
			};
			name = Release;
		};
		65A945641BCBC1660071FEAB /* Debug */ = {
			isa = XCBuildConfiguration;
			buildSettings = {
				BUNDLE_LOADER = "$(TEST_HOST)";
				INFOPLIST_FILE = SwitchProductTests/Info.plist;
				LD_RUNPATH_SEARCH_PATHS = "$(inherited) @executable_path/Frameworks @loader_path/Frameworks";
				PRODUCT_BUNDLE_IDENTIFIER = test.SwitchProductTests;
				PRODUCT_NAME = "$(TARGET_NAME)";
				TEST_HOST = "$(BUILT_PRODUCTS_DIR)/SwitchProduct.app/SwitchProduct";
			};
			name = Debug;
		};
		65A945651BCBC1660071FEAB /* Release */ = {
			isa = XCBuildConfiguration;
			buildSettings = {
				BUNDLE_LOADER = "$(TEST_HOST)";
				INFOPLIST_FILE = SwitchProductTests/Info.plist;
				LD_RUNPATH_SEARCH_PATHS = "$(inherited) @executable_path/Frameworks @loader_path/Frameworks";
				PRODUCT_BUNDLE_IDENTIFIER = test.SwitchProductTests;
				PRODUCT_NAME = "$(TARGET_NAME)";
				TEST_HOST = "$(BUILT_PRODUCTS_DIR)/SwitchProduct.app/SwitchProduct";
			};
			name = Release;
		};
		65A945671BCBC1660071FEAB /* Debug */ = {
			isa = XCBuildConfiguration;
			buildSettings = {
				INFOPLIST_FILE = SwitchProductUITests/Info.plist;
				LD_RUNPATH_SEARCH_PATHS = "$(inherited) @executable_path/Frameworks @loader_path/Frameworks";
				PRODUCT_BUNDLE_IDENTIFIER = test.SwitchProductUITests;
				PRODUCT_NAME = "$(TARGET_NAME)";
				TEST_TARGET_NAME = SwitchProduct;
				USES_XCTRUNNER = YES;
			};
			name = Debug;
		};
		65A945681BCBC1660071FEAB /* Release */ = {
			isa = XCBuildConfiguration;
			buildSettings = {
				INFOPLIST_FILE = SwitchProductUITests/Info.plist;
				LD_RUNPATH_SEARCH_PATHS = "$(inherited) @executable_path/Frameworks @loader_path/Frameworks";
				PRODUCT_BUNDLE_IDENTIFIER = test.SwitchProductUITests;
				PRODUCT_NAME = "$(TARGET_NAME)";
				TEST_TARGET_NAME = SwitchProduct;
				USES_XCTRUNNER = YES;
			};
			name = Release;
		};
/* End XCBuildConfiguration section */

/* Begin XCConfigurationList section */
		65A945331BCBC1660071FEAB /* Build configuration list for PBXProject "SwitchProduct" */ = {
			isa = XCConfigurationList;
			buildConfigurations = (
				65A9455E1BCBC1660071FEAB /* Debug */,
				65A9455F1BCBC1660071FEAB /* Release */,
			);
			defaultConfigurationIsVisible = 0;
			defaultConfigurationName = Release;
		};
		65A945601BCBC1660071FEAB /* Build configuration list for PBXNativeTarget "SwitchProduct" */ = {
			isa = XCConfigurationList;
			buildConfigurations = (
				65A945611BCBC1660071FEAB /* Debug */,
				65A945621BCBC1660071FEAB /* Release */,
			);
			defaultConfigurationIsVisible = 0;
		};
		65A945631BCBC1660071FEAB /* Build configuration list for PBXNativeTarget "SwitchProductTests" */ = {
			isa = XCConfigurationList;
			buildConfigurations = (
				65A945641BCBC1660071FEAB /* Debug */,
				65A945651BCBC1660071FEAB /* Release */,
			);
			defaultConfigurationIsVisible = 0;
		};
		65A945661BCBC1660071FEAB /* Build configuration list for PBXNativeTarget "SwitchProductUITests" */ = {
			isa = XCConfigurationList;
			buildConfigurations = (
				65A945671BCBC1660071FEAB /* Debug */,
				65A945681BCBC1660071FEAB /* Release */,
			);
			defaultConfigurationIsVisible = 0;
		};
/* End XCConfigurationList section */
	};
	rootObject = 65A945301BCBC1660071FEAB /* Project object */;
}
